%{
  "behavior_tree": {:hex, :behavior_tree, "0.2.0", "0e9a6a386150e8ed37ae06e41e2ed216611aa18b634879324fdced4ed54b9976", [], [{:ex_zipper, "~> 0.1.3", [hex: :ex_zipper, repo: "hexpm", optional: false]}], "hexpm"},
  "ex_zipper": {:hex, :ex_zipper, "0.1.3", "886452d9e889c94f74048d8467bf386777d7462f270ac0ecefb2d7644a8828e7", [], [{:stream_data, "~> 0.3.0", [hex: :stream_data, repo: "hexpm", optional: false]}], "hexpm"},
  "stream_data": {:hex, :stream_data, "0.3.0", "cbfc8e3212f64683615657ea27804126a42ded634adfdfee258bf087ee605d46", [], [], "hexpm"},
}
